// !$*UTF8*$!
{
	archiveVersion = 1;
	classes = {
	};
	objectVersion = 77;
	objects = {

/* Begin PBXBuildFile section */
		B3796EE42EE1840C00D6C3B4 /* GradientStatusBar.swift in Sources */ = {isa = PBXBuildFile; fileRef = B3796EE32EE1840C00D6C3B4 /* GradientStatusBar.swift */; };
		B3796EE62EE1C8DC00D6C3B4 /* HorizontalThermometer.swift in Sources */ = {isa = PBXBuildFile; fileRef = B3796EE52EE1C8DC00D6C3B4 /* HorizontalThermometer.swift */; };
		B399E5652E7A916300D0EDA6 /* fb96a55c8d5511f0861d3a2998378a92_1.jpeg in Resources */ = {isa = PBXBuildFile; fileRef = B399E55B2E7A916300D0EDA6 /* fb96a55c8d5511f0861d3a2998378a92_1.jpeg */; };
		B399E5672E7A916300D0EDA6 /* Assets.xcassets in Resources */ = {isa = PBXBuildFile; fileRef = B399E55D2E7A916300D0EDA6 /* Assets.xcassets */; };
		B399E56A2E7A916300D0EDA6 /* Contents.json in Resources */ = {isa = PBXBuildFile; fileRef = B399E55A2E7A916300D0EDA6 /* Contents.json */; };
		B399E56B2E7A916300D0EDA6 /* BluetoothManager.swift in Sources */ = {isa = PBXBuildFile; fileRef = B399E55E2E7A916300D0EDA6 /* BluetoothManager.swift */; };
		B399E56C2E7A916300D0EDA6 /* FlowMessage.swift in Sources */ = {isa = PBXBuildFile; fileRef = B399E5632E7A916300D0EDA6 /* FlowMessage.swift */; };
		B399E56D2E7A916300D0EDA6 /* ContentView.swift in Sources */ = {isa = PBXBuildFile; fileRef = B399E55F2E7A916300D0EDA6 /* ContentView.swift */; };
		B399E56E2E7A916300D0EDA6 /* Flower_TamagochiApp.swift in Sources */ = {isa = PBXBuildFile; fileRef = B399E5602E7A916300D0EDA6 /* Flower_TamagochiApp.swift */; };
		B399E5702E7A92BD00D0EDA6 /* StatsModal.swift in Sources */ = {isa = PBXBuildFile; fileRef = B399E56F2E7A92BD00D0EDA6 /* StatsModal.swift */; };
/* End PBXBuildFile section */

/* Begin PBXContainerItemProxy section */
		B3B7ADB32E7017C10023547D /* PBXContainerItemProxy */ = {
			isa = PBXContainerItemProxy;
			containerPortal = B3B7AD9D2E7017C00023547D /* Project object */;
			proxyType = 1;
			remoteGlobalIDString = B3B7ADA42E7017C00023547D;
			remoteInfo = "Flower Tamagochi";
		};
		B3B7ADBD2E7017C10023547D /* PBXContainerItemProxy */ = {
			isa = PBXContainerItemProxy;
			containerPortal = B3B7AD9D2E7017C00023547D /* Project object */;
			proxyType = 1;
			remoteGlobalIDString = B3B7ADA42E7017C00023547D;
			remoteInfo = "Flower Tamagochi";
		};
/* End PBXContainerItemProxy section */

/* Begin PBXFileReference section */
		B3796EE32EE1840C00D6C3B4 /* GradientStatusBar.swift */ = {isa = PBXFileReference; lastKnownFileType = sourcecode.swift; path = GradientStatusBar.swift; sourceTree = "<group>"; };
		B3796EE52EE1C8DC00D6C3B4 /* HorizontalThermometer.swift */ = {isa = PBXFileReference; lastKnownFileType = sourcecode.swift; path = HorizontalThermometer.swift; sourceTree = "<group>"; };
		B399E55A2E7A916300D0EDA6 /* Contents.json */ = {isa = PBXFileReference; lastKnownFileType = text.json; path = Contents.json; sourceTree = "<group>"; };
		B399E55B2E7A916300D0EDA6 /* fb96a55c8d5511f0861d3a2998378a92_1.jpeg */ = {isa = PBXFileReference; lastKnownFileType = image.jpeg; path = fb96a55c8d5511f0861d3a2998378a92_1.jpeg; sourceTree = "<group>"; };
		B399E55D2E7A916300D0EDA6 /* Assets.xcassets */ = {isa = PBXFileReference; lastKnownFileType = folder.assetcatalog; path = Assets.xcassets; sourceTree = "<group>"; };
		B399E55E2E7A916300D0EDA6 /* BluetoothManager.swift */ = {isa = PBXFileReference; lastKnownFileType = sourcecode.swift; path = BluetoothManager.swift; sourceTree = "<group>"; };
		B399E55F2E7A916300D0EDA6 /* ContentView.swift */ = {isa = PBXFileReference; lastKnownFileType = sourcecode.swift; path = ContentView.swift; sourceTree = "<group>"; };
		B399E5602E7A916300D0EDA6 /* Flower_TamagochiApp.swift */ = {isa = PBXFileReference; lastKnownFileType = sourcecode.swift; path = Flower_TamagochiApp.swift; sourceTree = "<group>"; };
		B399E5632E7A916300D0EDA6 /* FlowMessage.swift */ = {isa = PBXFileReference; lastKnownFileType = sourcecode.swift; path = FlowMessage.swift; sourceTree = "<group>"; };
		B399E56F2E7A92BD00D0EDA6 /* StatsModal.swift */ = {isa = PBXFileReference; lastKnownFileType = sourcecode.swift; path = StatsModal.swift; sourceTree = "<group>"; };
		B3B7ADA52E7017C00023547D /* Flower Tamagochi.app */ = {isa = PBXFileReference; explicitFileType = wrapper.application; includeInIndex = 0; path = "Flower Tamagochi.app"; sourceTree = BUILT_PRODUCTS_DIR; };
		B3B7ADB22E7017C10023547D /* Flower TamagochiTests.xctest */ = {isa = PBXFileReference; explicitFileType = wrapper.cfbundle; includeInIndex = 0; path = "Flower TamagochiTests.xctest"; sourceTree = BUILT_PRODUCTS_DIR; };
		B3B7ADBC2E7017C10023547D /* Flower TamagochiUITests.xctest */ = {isa = PBXFileReference; explicitFileType = wrapper.cfbundle; includeInIndex = 0; path = "Flower TamagochiUITests.xctest"; sourceTree = BUILT_PRODUCTS_DIR; };
/* End PBXFileReference section */

/* Begin PBXFileSystemSynchronizedRootGroup section */
		B3B7ADB52E7017C10023547D /* Flower TamagochiTests */ = {
			isa = PBXFileSystemSynchronizedRootGroup;
			path = "Flower TamagochiTests";
			sourceTree = "<group>";
		};
		B3B7ADBF2E7017C10023547D /* Flower TamagochiUITests */ = {
			isa = PBXFileSystemSynchronizedRootGroup;
			path = "Flower TamagochiUITests";
			sourceTree = "<group>";
		};
/* End PBXFileSystemSynchronizedRootGroup section */

/* Begin PBXFrameworksBuildPhase section */
		B3B7ADA22E7017C00023547D /* Frameworks */ = {
			isa = PBXFrameworksBuildPhase;
			buildActionMask = 2147483647;
			files = (
			);
			runOnlyForDeploymentPostprocessing = 0;
		};
		B3B7ADAF2E7017C10023547D /* Frameworks */ = {
			isa = PBXFrameworksBuildPhase;
			buildActionMask = 2147483647;
			files = (
			);
			runOnlyForDeploymentPostprocessing = 0;
		};
		B3B7ADB92E7017C10023547D /* Frameworks */ = {
			isa = PBXFrameworksBuildPhase;
			buildActionMask = 2147483647;
			files = (
			);
			runOnlyForDeploymentPostprocessing = 0;
		};
/* End PBXFrameworksBuildPhase section */

/* Begin PBXGroup section */
		B399E55C2E7A916300D0EDA6 /* Flower.imageset */ = {
			isa = PBXGroup;
			children = (
				B399E55A2E7A916300D0EDA6 /* Contents.json */,
				B399E55B2E7A916300D0EDA6 /* fb96a55c8d5511f0861d3a2998378a92_1.jpeg */,
			);
			path = Flower.imageset;
			sourceTree = "<group>";
		};
		B399E5642E7A916300D0EDA6 /* Flower Tamagochi */ = {
			isa = PBXGroup;
			children = (
				B3796EE52EE1C8DC00D6C3B4 /* HorizontalThermometer.swift */,
				B399E55D2E7A916300D0EDA6 /* Assets.xcassets */,
				B3796EE32EE1840C00D6C3B4 /* GradientStatusBar.swift */,
				B399E55E2E7A916300D0EDA6 /* BluetoothManager.swift */,
				B399E55F2E7A916300D0EDA6 /* ContentView.swift */,
				B399E5602E7A916300D0EDA6 /* Flower_TamagochiApp.swift */,
				B399E5632E7A916300D0EDA6 /* FlowMessage.swift */,
				B399E56F2E7A92BD00D0EDA6 /* StatsModal.swift */,
				B399E55C2E7A916300D0EDA6 /* Flower.imageset */,
			);
			path = "Flower Tamagochi";
			sourceTree = "<group>";
		};
		B3B7AD9C2E7017C00023547D = {
			isa = PBXGroup;
			children = (
				B399E5642E7A916300D0EDA6 /* Flower Tamagochi */,
				B3B7ADB52E7017C10023547D /* Flower TamagochiTests */,
				B3B7ADBF2E7017C10023547D /* Flower TamagochiUITests */,
				B3B7ADA62E7017C00023547D /* Products */,
			);
			sourceTree = "<group>";
		};
		B3B7ADA62E7017C00023547D /* Products */ = {
			isa = PBXGroup;
			children = (
				B3B7ADA52E7017C00023547D /* Flower Tamagochi.app */,
				B3B7ADB22E7017C10023547D /* Flower TamagochiTests.xctest */,
				B3B7ADBC2E7017C10023547D /* Flower TamagochiUITests.xctest */,
			);
			name = Products;
			sourceTree = "<group>";
		};
/* End PBXGroup section */

/* Begin PBXNativeTarget section */
		B3B7ADA42E7017C00023547D /* Flower Tamagochi */ = {
			isa = PBXNativeTarget;
			buildConfigurationList = B3B7ADC62E7017C10023547D /* Build configuration list for PBXNativeTarget "Flower Tamagochi" */;
			buildPhases = (
				B3B7ADA12E7017C00023547D /* Sources */,
				B3B7ADA22E7017C00023547D /* Frameworks */,
				B3B7ADA32E7017C00023547D /* Resources */,
			);
			buildRules = (
			);
			dependencies = (
			);
			name = "Flower Tamagochi";
			packageProductDependencies = (
			);
			productName = "Flower Tamagochi";
			productReference = B3B7ADA52E7017C00023547D /* Flower Tamagochi.app */;
			productType = "com.apple.product-type.application";
		};
		B3B7ADB12E7017C10023547D /* Flower TamagochiTests */ = {
			isa = PBXNativeTarget;
			buildConfigurationList = B3B7ADC92E7017C10023547D /* Build configuration list for PBXNativeTarget "Flower TamagochiTests" */;
			buildPhases = (
				B3B7ADAE2E7017C10023547D /* Sources */,
				B3B7ADAF2E7017C10023547D /* Frameworks */,
				B3B7ADB02E7017C10023547D /* Resources */,
			);
			buildRules = (
			);
			dependencies = (
				B3B7ADB42E7017C10023547D /* PBXTargetDependency */,
			);
			fileSystemSynchronizedGroups = (
				B3B7ADB52E7017C10023547D /* Flower TamagochiTests */,
			);
			name = "Flower TamagochiTests";
			packageProductDependencies = (
			);
			productName = "Flower TamagochiTests";
			productReference = B3B7ADB22E7017C10023547D /* Flower TamagochiTests.xctest */;
			productType = "com.apple.product-type.bundle.unit-test";
		};
		B3B7ADBB2E7017C10023547D /* Flower TamagochiUITests */ = {
			isa = PBXNativeTarget;
			buildConfigurationList = B3B7ADCC2E7017C10023547D /* Build configuration list for PBXNativeTarget "Flower TamagochiUITests" */;
			buildPhases = (
				B3B7ADB82E7017C10023547D /* Sources */,
				B3B7ADB92E7017C10023547D /* Frameworks */,
				B3B7ADBA2E7017C10023547D /* Resources */,
			);
			buildRules = (
			);
			dependencies = (
				B3B7ADBE2E7017C10023547D /* PBXTargetDependency */,
			);
			fileSystemSynchronizedGroups = (
				B3B7ADBF2E7017C10023547D /* Flower TamagochiUITests */,
			);
			name = "Flower TamagochiUITests";
			packageProductDependencies = (
			);
			productName = "Flower TamagochiUITests";
			productReference = B3B7ADBC2E7017C10023547D /* Flower TamagochiUITests.xctest */;
			productType = "com.apple.product-type.bundle.ui-testing";
		};
/* End PBXNativeTarget section */

/* Begin PBXProject section */
		B3B7AD9D2E7017C00023547D /* Project object */ = {
			isa = PBXProject;
			attributes = {
				BuildIndependentTargetsInParallel = 1;
				LastSwiftUpdateCheck = 1640;
				LastUpgradeCheck = 1640;
				TargetAttributes = {
					B3B7ADA42E7017C00023547D = {
						CreatedOnToolsVersion = 16.4;
					};
					B3B7ADB12E7017C10023547D = {
						CreatedOnToolsVersion = 16.4;
						TestTargetID = B3B7ADA42E7017C00023547D;
					};
					B3B7ADBB2E7017C10023547D = {
						CreatedOnToolsVersion = 16.4;
						TestTargetID = B3B7ADA42E7017C00023547D;
					};
				};
			};
			buildConfigurationList = B3B7ADA02E7017C00023547D /* Build configuration list for PBXProject "Flower Tamagochi" */;
			developmentRegion = en;
			hasScannedForEncodings = 0;
			knownRegions = (
				en,
				Base,
			);
			mainGroup = B3B7AD9C2E7017C00023547D;
			minimizedProjectReferenceProxies = 1;
			preferredProjectObjectVersion = 77;
			productRefGroup = B3B7ADA62E7017C00023547D /* Products */;
			projectDirPath = "";
			projectRoot = "";
			targets = (
				B3B7ADA42E7017C00023547D /* Flower Tamagochi */,
				B3B7ADB12E7017C10023547D /* Flower TamagochiTests */,
				B3B7ADBB2E7017C10023547D /* Flower TamagochiUITests */,
			);
		};
/* End PBXProject section */

/* Begin PBXResourcesBuildPhase section */
		B3B7ADA32E7017C00023547D /* Resources */ = {
			isa = PBXResourcesBuildPhase;
			buildActionMask = 2147483647;
			files = (
				B399E5652E7A916300D0EDA6 /* fb96a55c8d5511f0861d3a2998378a92_1.jpeg in Resources */,
				B399E5672E7A916300D0EDA6 /* Assets.xcassets in Resources */,
				B399E56A2E7A916300D0EDA6 /* Contents.json in Resources */,
			);
			runOnlyForDeploymentPostprocessing = 0;
		};
		B3B7ADB02E7017C10023547D /* Resources */ = {
			isa = PBXResourcesBuildPhase;
			buildActionMask = 2147483647;
			files = (
			);
			runOnlyForDeploymentPostprocessing = 0;
		};
		B3B7ADBA2E7017C10023547D /* Resources */ = {
			isa = PBXResourcesBuildPhase;
			buildActionMask = 2147483647;
			files = (
			);
			runOnlyForDeploymentPostprocessing = 0;
		};
/* End PBXResourcesBuildPhase section */

/* Begin PBXSourcesBuildPhase section */
		B3B7ADA12E7017C00023547D /* Sources */ = {
			isa = PBXSourcesBuildPhase;
			buildActionMask = 2147483647;
			files = (
				B3796EE62EE1C8DC00D6C3B4 /* HorizontalThermometer.swift in Sources */,
				B399E5702E7A92BD00D0EDA6 /* StatsModal.swift in Sources */,
				B399E56B2E7A916300D0EDA6 /* BluetoothManager.swift in Sources */,
				B399E56C2E7A916300D0EDA6 /* FlowMessage.swift in Sources */,
				B399E56D2E7A916300D0EDA6 /* ContentView.swift in Sources */,
				B399E56E2E7A916300D0EDA6 /* Flower_TamagochiApp.swift in Sources */,
				B3796EE42EE1840C00D6C3B4 /* GradientStatusBar.swift in Sources */,
			);
			runOnlyForDeploymentPostprocessing = 0;
		};
		B3B7ADAE2E7017C10023547D /* Sources */ = {
			isa = PBXSourcesBuildPhase;
			buildActionMask = 2147483647;
			files = (
			);
			runOnlyForDeploymentPostprocessing = 0;
		};
		B3B7ADB82E7017C10023547D /* Sources */ = {
			isa = PBXSourcesBuildPhase;
			buildActionMask = 2147483647;
			files = (
			);
			runOnlyForDeploymentPostprocessing = 0;
		};
/* End PBXSourcesBuildPhase section */

/* Begin PBXTargetDependency section */
		B3B7ADB42E7017C10023547D /* PBXTargetDependency */ = {
			isa = PBXTargetDependency;
			target = B3B7ADA42E7017C00023547D /* Flower Tamagochi */;
			targetProxy = B3B7ADB32E7017C10023547D /* PBXContainerItemProxy */;
		};
		B3B7ADBE2E7017C10023547D /* PBXTargetDependency */ = {
			isa = PBXTargetDependency;
			target = B3B7ADA42E7017C00023547D /* Flower Tamagochi */;
			targetProxy = B3B7ADBD2E7017C10023547D /* PBXContainerItemProxy */;
		};
/* End PBXTargetDependency section */

/* Begin XCBuildConfiguration section */
		B3B7ADC42E7017C10023547D /* Debug */ = {
			isa = XCBuildConfiguration;
			buildSettings = {
				ALWAYS_SEARCH_USER_PATHS = NO;
				ASSETCATALOG_COMPILER_GENERATE_SWIFT_ASSET_SYMBOL_EXTENSIONS = YES;
				CLANG_ANALYZER_NONNULL = YES;
				CLANG_ANALYZER_NUMBER_OBJECT_CONVERSION = YES_AGGRESSIVE;
				CLANG_CXX_LANGUAGE_STANDARD = "gnu++20";
				CLANG_ENABLE_MODULES = YES;
				CLANG_ENABLE_OBJC_ARC = YES;
				CLANG_ENABLE_OBJC_WEAK = YES;
				CLANG_WARN_BLOCK_CAPTURE_AUTORELEASING = YES;
				CLANG_WARN_BOOL_CONVERSION = YES;
				CLANG_WARN_COMMA = YES;
				CLANG_WARN_CONSTANT_CONVERSION = YES;
				CLANG_WARN_DEPRECATED_OBJC_IMPLEMENTATIONS = YES;
				CLANG_WARN_DIRECT_OBJC_ISA_USAGE = YES_ERROR;
				CLANG_WARN_DOCUMENTATION_COMMENTS = YES;
				CLANG_WARN_EMPTY_BODY = YES;
				CLANG_WARN_ENUM_CONVERSION = YES;
				CLANG_WARN_INFINITE_RECURSION = YES;
				CLANG_WARN_INT_CONVERSION = YES;
				CLANG_WARN_NON_LITERAL_NULL_CONVERSION = YES;
				CLANG_WARN_OBJC_IMPLICIT_RETAIN_SELF = YES;
				CLANG_WARN_OBJC_LITERAL_CONVERSION = YES;
				CLANG_WARN_OBJC_ROOT_CLASS = YES_ERROR;
				CLANG_WARN_QUOTED_INCLUDE_IN_FRAMEWORK_HEADER = YES;
				CLANG_WARN_RANGE_LOOP_ANALYSIS = YES;
				CLANG_WARN_STRICT_PROTOTYPES = YES;
				CLANG_WARN_SUSPICIOUS_MOVE = YES;
				CLANG_WARN_UNGUARDED_AVAILABILITY = YES_AGGRESSIVE;
				CLANG_WARN_UNREACHABLE_CODE = YES;
				CLANG_WARN__DUPLICATE_METHOD_MATCH = YES;
				COPY_PHASE_STRIP = NO;
				DEBUG_INFORMATION_FORMAT = dwarf;
				DEVELOPMENT_TEAM = 4NGKDRUD99;
				ENABLE_STRICT_OBJC_MSGSEND = YES;
				ENABLE_TESTABILITY = YES;
				ENABLE_USER_SCRIPT_SANDBOXING = YES;
				GCC_C_LANGUAGE_STANDARD = gnu17;
				GCC_DYNAMIC_NO_PIC = NO;
				GCC_NO_COMMON_BLOCKS = YES;
				GCC_OPTIMIZATION_LEVEL = 0;
				GCC_PREPROCESSOR_DEFINITIONS = (
					"DEBUG=1",
					"$(inherited)",
				);
				GCC_WARN_64_TO_32_BIT_CONVERSION = YES;
				GCC_WARN_ABOUT_RETURN_TYPE = YES_ERROR;
				GCC_WARN_UNDECLARED_SELECTOR = YES;
				GCC_WARN_UNINITIALIZED_AUTOS = YES_AGGRESSIVE;
				GCC_WARN_UNUSED_FUNCTION = YES;
				GCC_WARN_UNUSED_VARIABLE = YES;
				IPHONEOS_DEPLOYMENT_TARGET = 18.5;
				LOCALIZATION_PREFERS_STRING_CATALOGS = YES;
				MTL_ENABLE_DEBUG_INFO = INCLUDE_SOURCE;
				MTL_FAST_MATH = YES;
				ONLY_ACTIVE_ARCH = YES;
				SDKROOT = iphoneos;
				SWIFT_ACTIVE_COMPILATION_CONDITIONS = "DEBUG $(inherited)";
				SWIFT_OPTIMIZATION_LEVEL = "-Onone";
			};
			name = Debug;
		};
		B3B7ADC52E7017C10023547D /* Release */ = {
			isa = XCBuildConfiguration;
			buildSettings = {
				ALWAYS_SEARCH_USER_PATHS = NO;
				ASSETCATALOG_COMPILER_GENERATE_SWIFT_ASSET_SYMBOL_EXTENSIONS = YES;
				CLANG_ANALYZER_NONNULL = YES;
				CLANG_ANALYZER_NUMBER_OBJECT_CONVERSION = YES_AGGRESSIVE;
				CLANG_CXX_LANGUAGE_STANDARD = "gnu++20";
				CLANG_ENABLE_MODULES = YES;
				CLANG_ENABLE_OBJC_ARC = YES;
				CLANG_ENABLE_OBJC_WEAK = YES;
				CLANG_WARN_BLOCK_CAPTURE_AUTORELEASING = YES;
				CLANG_WARN_BOOL_CONVERSION = YES;
				CLANG_WARN_COMMA = YES;
				CLANG_WARN_CONSTANT_CONVERSION = YES;
				CLANG_WARN_DEPRECATED_OBJC_IMPLEMENTATIONS = YES;
				CLANG_WARN_DIRECT_OBJC_ISA_USAGE = YES_ERROR;
				CLANG_WARN_DOCUMENTATION_COMMENTS = YES;
				CLANG_WARN_EMPTY_BODY = YES;
				CLANG_WARN_ENUM_CONVERSION = YES;
				CLANG_WARN_INFINITE_RECURSION = YES;
				CLANG_WARN_INT_CONVERSION = YES;
				CLANG_WARN_NON_LITERAL_NULL_CONVERSION = YES;
				CLANG_WARN_OBJC_IMPLICIT_RETAIN_SELF = YES;
				CLANG_WARN_OBJC_LITERAL_CONVERSION = YES;
				CLANG_WARN_OBJC_ROOT_CLASS = YES_ERROR;
				CLANG_WARN_QUOTED_INCLUDE_IN_FRAMEWORK_HEADER = YES;
				CLANG_WARN_RANGE_LOOP_ANALYSIS = YES;
				CLANG_WARN_STRICT_PROTOTYPES = YES;
				CLANG_WARN_SUSPICIOUS_MOVE = YES;
				CLANG_WARN_UNGUARDED_AVAILABILITY = YES_AGGRESSIVE;
				CLANG_WARN_UNREACHABLE_CODE = YES;
				CLANG_WARN__DUPLICATE_METHOD_MATCH = YES;
				COPY_PHASE_STRIP = NO;
				DEBUG_INFORMATION_FORMAT = "dwarf-with-dsym";
				DEVELOPMENT_TEAM = 4NGKDRUD99;
				ENABLE_NS_ASSERTIONS = NO;
				ENABLE_STRICT_OBJC_MSGSEND = YES;
				ENABLE_USER_SCRIPT_SANDBOXING = YES;
				GCC_C_LANGUAGE_STANDARD = gnu17;
				GCC_NO_COMMON_BLOCKS = YES;
				GCC_WARN_64_TO_32_BIT_CONVERSION = YES;
				GCC_WARN_ABOUT_RETURN_TYPE = YES_ERROR;
				GCC_WARN_UNDECLARED_SELECTOR = YES;
				GCC_WARN_UNINITIALIZED_AUTOS = YES_AGGRESSIVE;
				GCC_WARN_UNUSED_FUNCTION = YES;
				GCC_WARN_UNUSED_VARIABLE = YES;
				IPHONEOS_DEPLOYMENT_TARGET = 18.5;
				LOCALIZATION_PREFERS_STRING_CATALOGS = YES;
				MTL_ENABLE_DEBUG_INFO = NO;
				MTL_FAST_MATH = YES;
				SDKROOT = iphoneos;
				SWIFT_COMPILATION_MODE = wholemodule;
				VALIDATE_PRODUCT = YES;
			};
			name = Release;
		};
		B3B7ADC72E7017C10023547D /* Debug */ = {
			isa = XCBuildConfiguration;
			buildSettings = {
				ASSETCATALOG_COMPILER_APPICON_NAME = AppIcon;
				ASSETCATALOG_COMPILER_GLOBAL_ACCENT_COLOR_NAME = AccentColor;
				CODE_SIGN_STYLE = Automatic;
				CURRENT_PROJECT_VERSION = 1;
				DEVELOPMENT_TEAM = 4NGKDRUD99;
				ENABLE_PREVIEWS = YES;
				GENERATE_INFOPLIST_FILE = YES;
				INFOPLIST_KEY_UIApplicationSceneManifest_Generation = YES;
				INFOPLIST_KEY_UIApplicationSupportsIndirectInputEvents = YES;
				INFOPLIST_KEY_UILaunchScreen_Generation = YES;
				INFOPLIST_KEY_UISupportedInterfaceOrientations_iPad = "UIInterfaceOrientationPortrait UIInterfaceOrientationPortraitUpsideDown UIInterfaceOrientationLandscapeLeft UIInterfaceOrientationLandscapeRight";
				INFOPLIST_KEY_UISupportedInterfaceOrientations_iPhone = "UIInterfaceOrientationPortrait UIInterfaceOrientationLandscapeLeft UIInterfaceOrientationLandscapeRight";
				LD_RUNPATH_SEARCH_PATHS = (
					"$(inherited)",
					"@executable_path/Frameworks",
				);
				MARKETING_VERSION = 1.0;
				PRODUCT_BUNDLE_IDENTIFIER = "oiuygf.Flower-Tamagochi";
				PRODUCT_NAME = "$(TARGET_NAME)";
				SWIFT_EMIT_LOC_STRINGS = YES;
				SWIFT_VERSION = 5.0;
				TARGETED_DEVICE_FAMILY = "1,2";
			};
			name = Debug;
		};
		B3B7ADC82E7017C10023547D /* Release */ = {
			isa = XCBuildConfiguration;
			buildSettings = {
				ASSETCATALOG_COMPILER_APPICON_NAME = AppIcon;
				ASSETCATALOG_COMPILER_GLOBAL_ACCENT_COLOR_NAME = AccentColor;
				CODE_SIGN_STYLE = Automatic;
				CURRENT_PROJECT_VERSION = 1;
				DEVELOPMENT_TEAM = 4NGKDRUD99;
				ENABLE_PREVIEWS = YES;
				GENERATE_INFOPLIST_FILE = YES;
				INFOPLIST_KEY_UIApplicationSceneManifest_Generation = YES;
				INFOPLIST_KEY_UIApplicationSupportsIndirectInputEvents = YES;
				INFOPLIST_KEY_UILaunchScreen_Generation = YES;
				INFOPLIST_KEY_UISupportedInterfaceOrientations_iPad = "UIInterfaceOrientationPortrait UIInterfaceOrientationPortraitUpsideDown UIInterfaceOrientationLandscapeLeft UIInterfaceOrientationLandscapeRight";
				INFOPLIST_KEY_UISupportedInterfaceOrientations_iPhone = "UIInterfaceOrientationPortrait UIInterfaceOrientationLandscapeLeft UIInterfaceOrientationLandscapeRight";
				LD_RUNPATH_SEARCH_PATHS = (
					"$(inherited)",
					"@executable_path/Frameworks",
				);
				MARKETING_VERSION = 1.0;
				PRODUCT_BUNDLE_IDENTIFIER = "oiuygf.Flower-Tamagochi";
				PRODUCT_NAME = "$(TARGET_NAME)";
				SWIFT_EMIT_LOC_STRINGS = YES;
				SWIFT_VERSION = 5.0;
				TARGETED_DEVICE_FAMILY = "1,2";
			};
			name = Release;
		};
		B3B7ADCA2E7017C10023547D /* Debug */ = {
			isa = XCBuildConfiguration;
			buildSettings = {
				BUNDLE_LOADER = "$(TEST_HOST)";
				CODE_SIGN_STYLE = Automatic;
				CURRENT_PROJECT_VERSION = 1;
				DEVELOPMENT_TEAM = 4NGKDRUD99;
				GENERATE_INFOPLIST_FILE = YES;
				IPHONEOS_DEPLOYMENT_TARGET = 18.5;
				MARKETING_VERSION = 1.0;
				PRODUCT_BUNDLE_IDENTIFIER = "oiuygf.Flower-TamagochiTests";
				PRODUCT_NAME = "$(TARGET_NAME)";
				SWIFT_EMIT_LOC_STRINGS = NO;
				SWIFT_VERSION = 5.0;
				TARGETED_DEVICE_FAMILY = "1,2";
				TEST_HOST = "$(BUILT_PRODUCTS_DIR)/Flower Tamagochi.app/$(BUNDLE_EXECUTABLE_FOLDER_PATH)/Flower Tamagochi";
			};
			name = Debug;
		};
		B3B7ADCB2E7017C10023547D /* Release */ = {
			isa = XCBuildConfiguration;
			buildSettings = {
				BUNDLE_LOADER = "$(TEST_HOST)";
				CODE_SIGN_STYLE = Automatic;
				CURRENT_PROJECT_VERSION = 1;
				DEVELOPMENT_TEAM = 4NGKDRUD99;
				GENERATE_INFOPLIST_FILE = YES;
				IPHONEOS_DEPLOYMENT_TARGET = 18.5;
				MARKETING_VERSION = 1.0;
				PRODUCT_BUNDLE_IDENTIFIER = "oiuygf.Flower-TamagochiTests";
				PRODUCT_NAME = "$(TARGET_NAME)";
				SWIFT_EMIT_LOC_STRINGS = NO;
				SWIFT_VERSION = 5.0;
				TARGETED_DEVICE_FAMILY = "1,2";
				TEST_HOST = "$(BUILT_PRODUCTS_DIR)/Flower Tamagochi.app/$(BUNDLE_EXECUTABLE_FOLDER_PATH)/Flower Tamagochi";
			};
			name = Release;
		};
		B3B7ADCD2E7017C10023547D /* Debug */ = {
			isa = XCBuildConfiguration;
			buildSettings = {
				CODE_SIGN_STYLE = Automatic;
				CURRENT_PROJECT_VERSION = 1;
				DEVELOPMENT_TEAM = 4NGKDRUD99;
				GENERATE_INFOPLIST_FILE = YES;
				MARKETING_VERSION = 1.0;
				PRODUCT_BUNDLE_IDENTIFIER = "oiuygf.Flower-TamagochiUITests";
				PRODUCT_NAME = "$(TARGET_NAME)";
				SWIFT_EMIT_LOC_STRINGS = NO;
				SWIFT_VERSION = 5.0;
				TARGETED_DEVICE_FAMILY = "1,2";
				TEST_TARGET_NAME = "Flower Tamagochi";
			};
			name = Debug;
		};
		B3B7ADCE2E7017C10023547D /* Release */ = {
			isa = XCBuildConfiguration;
			buildSettings = {
				CODE_SIGN_STYLE = Automatic;
				CURRENT_PROJECT_VERSION = 1;
				DEVELOPMENT_TEAM = 4NGKDRUD99;
				GENERATE_INFOPLIST_FILE = YES;
				MARKETING_VERSION = 1.0;
				PRODUCT_BUNDLE_IDENTIFIER = "oiuygf.Flower-TamagochiUITests";
				PRODUCT_NAME = "$(TARGET_NAME)";
				SWIFT_EMIT_LOC_STRINGS = NO;
				SWIFT_VERSION = 5.0;
				TARGETED_DEVICE_FAMILY = "1,2";
				TEST_TARGET_NAME = "Flower Tamagochi";
			};
			name = Release;
		};
/* End XCBuildConfiguration section */

/* Begin XCConfigurationList section */
		B3B7ADA02E7017C00023547D /* Build configuration list for PBXProject "Flower Tamagochi" */ = {
			isa = XCConfigurationList;
			buildConfigurations = (
				B3B7ADC42E7017C10023547D /* Debug */,
				B3B7ADC52E7017C10023547D /* Release */,
			);
			defaultConfigurationIsVisible = 0;
			defaultConfigurationName = Release;
		};
		B3B7ADC62E7017C10023547D /* Build configuration list for PBXNativeTarget "Flower Tamagochi" */ = {
			isa = XCConfigurationList;
			buildConfigurations = (
				B3B7ADC72E7017C10023547D /* Debug */,
				B3B7ADC82E7017C10023547D /* Release */,
			);
			defaultConfigurationIsVisible = 0;
			defaultConfigurationName = Release;
		};
		B3B7ADC92E7017C10023547D /* Build configuration list for PBXNativeTarget "Flower TamagochiTests" */ = {
			isa = XCConfigurationList;
			buildConfigurations = (
				B3B7ADCA2E7017C10023547D /* Debug */,
				B3B7ADCB2E7017C10023547D /* Release */,
			);
			defaultConfigurationIsVisible = 0;
			defaultConfigurationName = Release;
		};
		B3B7ADCC2E7017C10023547D /* Build configuration list for PBXNativeTarget "Flower TamagochiUITests" */ = {
			isa = XCConfigurationList;
			buildConfigurations = (
				B3B7ADCD2E7017C10023547D /* Debug */,
				B3B7ADCE2E7017C10023547D /* Release */,
			);
			defaultConfigurationIsVisible = 0;
			defaultConfigurationName = Release;
		};
/* End XCConfigurationList section */
	};
	rootObject = B3B7AD9D2E7017C00023547D /* Project object */;
}
